#MicroXplorer Configuration settings - do not modify
ADC1.Channel-0\#ChannelRegularConversion=ADC_CHANNEL_10
ADC1.Channel-1\#ChannelRegularConversion=ADC_CHANNEL_11
ADC1.ContinuousConvMode=ENABLE
ADC1.DiscontinuousConvMode=DISABLE
ADC1.IPParameters=Rank-0\#ChannelRegularConversion,Channel-0\#ChannelRegularConversion,SamplingTime-0\#ChannelRegularConversion,NbrOfConversionFlag,master,Rank-1\#ChannelRegularConversion,Channel-1\#ChannelRegularConversion,SamplingTime-1\#ChannelRegularConversion,NbrOfConversion,ContinuousConvMode,DiscontinuousConvMode
ADC1.NbrOfConversion=2
ADC1.NbrOfConversionFlag=1
ADC1.Rank-0\#ChannelRegularConversion=1
ADC1.Rank-1\#ChannelRegularConversion=2
ADC1.SamplingTime-0\#ChannelRegularConversion=ADC_SAMPLETIME_71CYCLES_5
ADC1.SamplingTime-1\#ChannelRegularConversion=ADC_SAMPLETIME_71CYCLES_5
ADC1.master=1
CAD.formats=
CAD.pinconfig=
CAD.provider=
CAN.AutoRetransmission=ENABLE
CAN.BS1=CAN_BS1_9TQ
CAN.BS2=CAN_BS2_2TQ
CAN.CalculateBaudRate=499999
CAN.CalculateTimeBit=2000
CAN.CalculateTimeQuantum=166.66666666666669
CAN.IPParameters=CalculateTimeQuantum,CalculateTimeBit,CalculateBaudRate,Prescaler,SyncJumpWidth,AutoRetransmission,BS1,BS2
CAN.Prescaler=6
CAN.SyncJumpWidth=CAN_SJW_1TQ
Dma.ADC1.0.Direction=DMA_PERIPH_TO_MEMORY
Dma.ADC1.0.Instance=DMA1_Channel1
Dma.ADC1.0.MemDataAlignment=DMA_MDATAALIGN_HALFWORD
Dma.ADC1.0.MemInc=DMA_MINC_ENABLE
Dma.ADC1.0.Mode=DMA_CIRCULAR
Dma.ADC1.0.PeriphDataAlignment=DMA_PDATAALIGN_HALFWORD
Dma.ADC1.0.PeriphInc=DMA_PINC_DISABLE
Dma.ADC1.0.Priority=DMA_PRIORITY_MEDIUM
Dma.ADC1.0.RequestParameters=Instance,Direction,PeriphInc,MemInc,PeriphDataAlignment,MemDataAlignment,Mode,Priority
Dma.Request0=ADC1
Dma.RequestsNb=1
FREERTOS.IPParameters=Tasks01
FREERTOS.Tasks01=appTask,24,256,StartAppTask,Default,NULL,Dynamic,NULL,NULL
File.Version=6
GPIO.groupedBy=Group By Peripherals
IWDG.IPParameters=Prescaler,Reload
IWDG.Prescaler=IWDG_PRESCALER_64
IWDG.Reload=2500
KeepUserPlacement=false
Mcu.CPN=STM32F103ZET6
Mcu.Family=STM32F1
Mcu.IP0=ADC1
Mcu.IP1=CAN
Mcu.IP10=SPI3
Mcu.IP11=SYS
Mcu.IP12=UART4
Mcu.IP13=USART1
Mcu.IP14=USART2
Mcu.IP15=IWDG
Mcu.IP2=DAC
Mcu.IP3=DMA
Mcu.IP4=FREERTOS
Mcu.IP5=I2C1
Mcu.IP6=I2C2
Mcu.IP7=NVIC
Mcu.IP8=RCC
Mcu.IP9=SPI2
Mcu.IPNb=16
Mcu.Name=STM32F103Z(C-D-E)Tx
Mcu.Package=LQFP144
Mcu.Pin0=PC14-OSC32_IN
Mcu.Pin1=PC15-OSC32_OUT
Mcu.Pin10=PA5
Mcu.Pin11=PB0
Mcu.Pin12=PB10
Mcu.Pin13=PB11
Mcu.Pin14=PB12
Mcu.Pin15=PB13
Mcu.Pin16=PB14
Mcu.Pin17=PB15
Mcu.Pin18=PD8
Mcu.Pin19=PD9
Mcu.Pin2=OSC_IN
Mcu.Pin20=PD10
Mcu.Pin21=PD11
Mcu.Pin22=PD12
Mcu.Pin23=PD13
Mcu.Pin24=PD14
Mcu.Pin25=PD15
Mcu.Pin26=PG2
Mcu.Pin27=PG3
Mcu.Pin28=PG4
Mcu.Pin29=PG5
Mcu.Pin3=OSC_OUT
Mcu.Pin30=PA8
Mcu.Pin31=PA9
Mcu.Pin32=PA10
Mcu.Pin33=PA11
Mcu.Pin34=PA12
Mcu.Pin35=PA13
Mcu.Pin36=PA14
Mcu.Pin37=PC10
Mcu.Pin38=PC11
Mcu.Pin39=PD2
Mcu.Pin4=PC0
Mcu.Pin40=PG9
Mcu.Pin41=PG10
Mcu.Pin42=PG11
Mcu.Pin43=PG12
Mcu.Pin44=PG13
Mcu.Pin45=PG14
Mcu.Pin46=PG15
Mcu.Pin47=PB3
Mcu.Pin48=PB4
Mcu.Pin49=PB5
Mcu.Pin5=PC1
Mcu.Pin50=PB6
Mcu.Pin51=PB7
Mcu.Pin52=PB8
Mcu.Pin53=PB9
Mcu.Pin54=VP_FREERTOS_VS_CMSIS_V2
Mcu.Pin55=VP_SYS_VS_tim6
Mcu.Pin6=PA1
Mcu.Pin7=PA2
Mcu.Pin8=PA3
Mcu.Pin9=PA4
Mcu.PinsNb=56
Mcu.ThirdPartyNb=0
Mcu.UserConstants=
Mcu.UserName=STM32F103ZETx
MxCube.Version=6.10.0
MxDb.Version=DB.6.0.100
NVIC.BusFault_IRQn=true\:0\:0\:false\:false\:true\:false\:false\:false\:false
NVIC.CAN1_RX0_IRQn=true\:5\:0\:true\:false\:true\:true\:true\:true\:true
NVIC.DMA1_Channel1_IRQn=true\:5\:0\:false\:false\:true\:true\:false\:true\:true
NVIC.DebugMonitor_IRQn=true\:0\:0\:false\:false\:true\:false\:false\:false\:false
NVIC.EXTI3_IRQn=true\:5\:0\:true\:false\:true\:true\:true\:true\:true
NVIC.EXTI9_5_IRQn=true\:5\:0\:true\:false\:true\:true\:true\:true\:true
NVIC.ForceEnableDMAVector=true
NVIC.HardFault_IRQn=true\:0\:0\:false\:false\:true\:false\:false\:false\:false
NVIC.MemoryManagement_IRQn=true\:0\:0\:false\:false\:true\:false\:false\:false\:false
NVIC.NonMaskableInt_IRQn=true\:0\:0\:false\:false\:true\:false\:false\:false\:false
NVIC.PendSV_IRQn=true\:15\:0\:false\:false\:false\:true\:false\:false\:false
NVIC.PriorityGroup=NVIC_PRIORITYGROUP_4
NVIC.SVCall_IRQn=true\:0\:0\:false\:false\:false\:false\:false\:false\:false
NVIC.SavedPendsvIrqHandlerGenerated=true
NVIC.SavedSvcallIrqHandlerGenerated=true
NVIC.SavedSystickIrqHandlerGenerated=true
NVIC.SysTick_IRQn=true\:15\:0\:false\:false\:false\:true\:false\:true\:false
NVIC.TIM6_IRQn=true\:15\:0\:false\:false\:true\:false\:false\:true\:true
NVIC.TimeBase=TIM6_IRQn
NVIC.TimeBaseIP=TIM6
NVIC.UART4_IRQn=true\:5\:0\:true\:false\:true\:true\:true\:true\:true
NVIC.USART1_IRQn=true\:5\:0\:true\:false\:true\:true\:true\:true\:true
NVIC.UsageFault_IRQn=true\:0\:0\:false\:false\:true\:false\:false\:false\:false
OSC_IN.Mode=HSE-External-Oscillator
OSC_IN.Signal=RCC_OSC_IN
OSC_OUT.Mode=HSE-External-Oscillator
OSC_OUT.Signal=RCC_OSC_OUT
PA1.GPIOParameters=GPIO_Speed,GPIO_Label
PA1.GPIO_Label=RS485_DIR
PA1.GPIO_Speed=GPIO_SPEED_FREQ_HIGH
PA1.Locked=true
PA1.Signal=GPIO_Output
PA10.Mode=Asynchronous
PA10.Signal=USART1_RX
PA11.Mode=CAN_Activate
PA11.Signal=CAN_RX
PA12.Mode=CAN_Activate
PA12.Signal=CAN_TX
PA13.Mode=Serial_Wire
PA13.Signal=SYS_JTMS-SWDIO
PA14.Mode=Serial_Wire
PA14.Signal=SYS_JTCK-SWCLK
PA2.Mode=Asynchronous
PA2.Signal=USART2_TX
PA3.Mode=Asynchronous
PA3.Signal=USART2_RX
PA4.Signal=COMP_DAC1_group
PA5.Signal=COMP_DAC2_group
PA8.GPIOParameters=GPIO_Speed,GPIO_Label
PA8.GPIO_Label=STATUS_LED
PA8.GPIO_Speed=GPIO_SPEED_FREQ_HIGH
PA8.Locked=true
PA8.Signal=GPIO_Output
PA9.Mode=Asynchronous
PA9.Signal=USART1_TX
PB0.GPIOParameters=GPIO_Speed,PinState,GPIO_Label
PB0.GPIO_Label=ESP_EN
PB0.GPIO_Speed=GPIO_SPEED_FREQ_HIGH
PB0.Locked=true
PB0.PinState=GPIO_PIN_SET
PB0.Signal=GPIO_Output
PB10.Mode=I2C
PB10.Signal=I2C2_SCL
PB11.Mode=I2C
PB11.Signal=I2C2_SDA
PB12.GPIOParameters=GPIO_Speed,GPIO_Label
PB12.GPIO_Label=ESP_WAKE
PB12.GPIO_Speed=GPIO_SPEED_FREQ_HIGH
PB12.Locked=true
PB12.Signal=GPIO_Output
PB13.Mode=Full_Duplex_Master
PB13.Signal=SPI2_SCK
PB14.Mode=Full_Duplex_Master
PB14.Signal=SPI2_MISO
PB15.Mode=Full_Duplex_Master
PB15.Signal=SPI2_MOSI
PB3.Mode=Full_Duplex_Master
PB3.Signal=SPI3_SCK
PB4.Mode=Full_Duplex_Master
PB4.Signal=SPI3_MISO
PB5.Mode=Full_Duplex_Master
PB5.Signal=SPI3_MOSI
PB6.Mode=I2C
PB6.Signal=I2C1_SCL
PB7.Mode=I2C
PB7.Signal=I2C1_SDA
PB8.GPIOParameters=GPIO_Speed,PinState,GPIO_Label
PB8.GPIO_Label=MAX31865_CS
PB8.GPIO_Speed=GPIO_SPEED_FREQ_HIGH
PB8.Locked=true
PB8.PinState=GPIO_PIN_SET
PB8.Signal=GPIO_Output
PB9.GPIOParameters=GPIO_PuPd,GPIO_Label,GPIO_ModeDefaultEXTI
PB9.GPIO_Label=MAX31865_DRDY
PB9.GPIO_ModeDefaultEXTI=GPIO_MODE_IT_FALLING
PB9.GPIO_PuPd=GPIO_PULLUP
PB9.Locked=true
PB9.Signal=GPXTI9
PC0.Signal=ADCx_IN10
PC1.Signal=ADCx_IN11
PC10.Mode=Asynchronous
PC10.Signal=UART4_TX
PC11.Mode=Asynchronous
PC11.Signal=UART4_RX
PC14-OSC32_IN.Mode=LSE-External-Oscillator
PC14-OSC32_IN.Signal=RCC_OSC32_IN
PC15-OSC32_OUT.Mode=LSE-External-Oscillator
PC15-OSC32_OUT.Signal=RCC_OSC32_OUT
PD10.GPIOParameters=GPIO_Speed,GPIO_Label
PD10.GPIO_Label=RELAY3
PD10.GPIO_Speed=GPIO_SPEED_FREQ_HIGH
PD10.Locked=true
PD10.Signal=GPIO_Output
PD11.GPIOParameters=GPIO_Speed,GPIO_Label
PD11.GPIO_Label=RELAY4
PD11.GPIO_Speed=GPIO_SPEED_FREQ_HIGH
PD11.Locked=true
PD11.Signal=GPIO_Output
PD12.GPIOParameters=GPIO_Speed,GPIO_Label
PD12.GPIO_Label=RELAY5
PD12.GPIO_Speed=GPIO_SPEED_FREQ_HIGH
PD12.Locked=true
PD12.Signal=GPIO_Output
PD13.GPIOParameters=GPIO_Speed,GPIO_Label
PD13.GPIO_Label=RELAY6
PD13.GPIO_Speed=GPIO_SPEED_FREQ_HIGH
PD13.Locked=true
PD13.Signal=GPIO_Output
PD14.GPIOParameters=GPIO_Speed,GPIO_Label
PD14.GPIO_Label=RELAY7
PD14.GPIO_Speed=GPIO_SPEED_FREQ_HIGH
PD14.Locked=true
PD14.Signal=GPIO_Output
PD15.GPIOParameters=GPIO_Speed,GPIO_Label
PD15.GPIO_Label=RELAY8
PD15.GPIO_Speed=GPIO_SPEED_FREQ_HIGH
PD15.Locked=true
PD15.Signal=GPIO_Output
PD2.GPIOParameters=GPIO_PuPd,GPIO_Label
PD2.GPIO_Label=DI1
PD2.GPIO_PuPd=GPIO_PULLUP
PD2.Locked=true
PD2.Signal=GPIO_Input
PD8.GPIOParameters=GPIO_Speed,GPIO_Label
PD8.GPIO_Label=RELAY1
PD8.GPIO_Speed=GPIO_SPEED_FREQ_HIGH
PD8.Locked=true
PD8.Signal=GPIO_Output
PD9.GPIOParameters=GPIO_Speed,GPIO_Label
PD9.GPIO_Label=RELAY2
PD9.GPIO_Speed=GPIO_SPEED_FREQ_HIGH
PD9.Locked=true
PD9.Signal=GPIO_Output
PG10.GPIOParameters=GPIO_PuPd,GPIO_Label
PG10.GPIO_Label=DI3
PG10.GPIO_PuPd=GPIO_PULLUP
PG10.Locked=true
PG10.Signal=GPIO_Input
PG11.GPIOParameters=GPIO_PuPd,GPIO_Label
PG11.GPIO_Label=DI4
PG11.GPIO_PuPd=GPIO_PULLUP
PG11.Locked=true
PG11.Signal=GPIO_Input
PG12.GPIOParameters=GPIO_PuPd,GPIO_Label
PG12.GPIO_Label=DI5
PG12.GPIO_PuPd=GPIO_PULLUP
PG12.Locked=true
PG12.Signal=GPIO_Input
PG13.GPIOParameters=GPIO_PuPd,GPIO_Label
PG13.GPIO_Label=DI6
PG13.GPIO_PuPd=GPIO_PULLUP
PG13.Locked=true
PG13.Signal=GPIO_Input
PG14.GPIOParameters=GPIO_PuPd,GPIO_Label
PG14.GPIO_Label=DI7
PG14.GPIO_PuPd=GPIO_PULLUP
PG14.Locked=true
PG14.Signal=GPIO_Input
PG15.GPIOParameters=GPIO_PuPd,GPIO_Label
PG15.GPIO_Label=DI8
PG15.GPIO_PuPd=GPIO_PULLUP
PG15.Locked=true
PG15.Signal=GPIO_Input
PG2.GPIOParameters=GPIO_Speed,PinState,GPIO_Label
PG2.GPIO_Label=ADS1256_CS
PG2.GPIO_Speed=GPIO_SPEED_FREQ_HIGH
PG2.Locked=true
PG2.PinState=GPIO_PIN_SET
PG2.Signal=GPIO_Output
PG3.GPIOParameters=GPIO_PuPd,GPIO_Label,GPIO_ModeDefaultEXTI
PG3.GPIO_Label=ADS1256_DRDY
PG3.GPIO_ModeDefaultEXTI=GPIO_MODE_IT_FALLING
PG3.GPIO_PuPd=GPIO_PULLUP
PG3.Locked=true
PG3.Signal=GPXTI3
PG4.GPIOParameters=GPIO_Speed,PinState,GPIO_Label
PG4.GPIO_Label=ADS1256_RESET
PG4.GPIO_Speed=GPIO_SPEED_FREQ_HIGH
PG4.Locked=true
PG4.PinState=GPIO_PIN_SET
PG4.Signal=GPIO_Output
PG5.GPIOParameters=GPIO_Speed,PinState,GPIO_Label
PG5.GPIO_Label=ADS1256_SYNC
PG5.GPIO_Speed=GPIO_SPEED_FREQ_HIGH
PG5.Locked=true
PG5.PinState=GPIO_PIN_SET
PG5.Signal=GPIO_Output
PG9.GPIOParameters=GPIO_PuPd,GPIO_Label
PG9.GPIO_Label=DI2
PG9.GPIO_PuPd=GPIO_PULLUP
PG9.Locked=true
PG9.Signal=GPIO_Input
PinOutPanel.RotationAngle=0
ProjectManager.AskForMigrate=true
ProjectManager.BackupPrevious=false
ProjectManager.CompilerOptimize=6
ProjectManager.ComputerToolchain=false
ProjectManager.CoupleFile=true
ProjectManager.CustomerFirmwarePackage=
ProjectManager.DefaultFWLocation=true
ProjectManager.DeletePrevious=true
ProjectManager.DeviceId=STM32F103ZETx
ProjectManager.FirmwarePackage=STM32Cube FW_F1 V1.8.7
ProjectManager.FreePins=false
ProjectManager.HalAssertFull=false
ProjectManager.HeapSize=0x200
ProjectManager.KeepUserCode=true
ProjectManager.LastFirmware=true
ProjectManager.LibraryCopy=1
ProjectManager.MainLocation=Core/Src
ProjectManager.NoMain=false
ProjectManager.PreviousToolchain=
ProjectManager.ProjectBuild=false
ProjectManager.ProjectFileName=stm32_industrial_controller.ioc
ProjectManager.ProjectName=stm32_industrial_controller
ProjectManager.ProjectStructure=
ProjectManager.RegisterCallBack=
ProjectManager.StackSize=0x400
ProjectManager.TargetToolchain=MDK-ARM V5
ProjectManager.ToolChainLocation=
ProjectManager.UAScriptAfterPath=
ProjectManager.UAScriptBeforePath=
ProjectManager.UnderRoot=false
ProjectManager.functionlistsort=1-SystemClock_Config-RCC-false-HAL-false,2-MX_GPIO_Init-GPIO-false-HAL-true,3-MX_DMA_Init-DMA-false-HAL-true,4-MX_ADC1_Init-ADC1-false-HAL-true,5-MX_CAN_Init-CAN-false-HAL-true,6-MX_DAC_Init-DAC-false-HAL-true,7-MX_I2C1_Init-I2C1-false-HAL-true,8-MX_I2C2_Init-I2C2-false-HAL-true,9-MX_SPI2_Init-SPI2-false-HAL-true,10-MX_SPI3_Init-SPI3-false-HAL-true,11-MX_UART4_Init-UART4-false-HAL-true,12-MX_USART1_UART_Init-USART1-false-HAL-true,13-MX_USART2_UART_Init-USART2-false-HAL-true,14-MX_IWDG_Init-IWDG-false-HAL-true
RCC.ADCFreqValue=12000000
RCC.ADCPresc=RCC_ADCPCLK2_DIV6
RCC.AHBFreq_Value=72000000
RCC.APB1CLKDivider=RCC_HCLK_DIV2
RCC.APB1Freq_Value=36000000
RCC.APB1TimFreq_Value=72000000
RCC.APB2Freq_Value=72000000
RCC.APB2TimFreq_Value=72000000
RCC.FCLKCortexFreq_Value=72000000
RCC.FSMCFreq_Value=72000000
RCC.FamilyName=M
RCC.HCLKFreq_Value=72000000
RCC.I2S2Freq_Value=72000000
RCC.I2S3Freq_Value=72000000
RCC.IPParameters=ADCFreqValue,ADCPresc,AHBFreq_Value,APB1CLKDivider,APB1Freq_Value,APB1TimFreq_Value,APB2Freq_Value,APB2TimFreq_Value,FCLKCortexFreq_Value,FSMCFreq_Value,FamilyName,HCLKFreq_Value,I2S2Freq_Value,I2S3Freq_Value,MCOFreq_Value,PLLCLKFreq_Value,PLLMCOFreq_Value,PLLMUL,PLLSourceVirtual,SDIOFreq_Value,SDIOHCLKDiv2FreqValue,SYSCLKFreq_VALUE,SYSCLKSource,TimSysFreq_Value,USBFreq_Value,VCOOutput2Freq_Value
RCC.MCOFreq_Value=72000000
RCC.PLLCLKFreq_Value=72000000
RCC.PLLMCOFreq_Value=36000000
RCC.PLLMUL=RCC_PLL_MUL9
RCC.PLLSourceVirtual=RCC_PLLSOURCE_HSE
RCC.SDIOFreq_Value=72000000
RCC.SDIOHCLKDiv2FreqValue=36000000
RCC.SYSCLKFreq_VALUE=72000000
RCC.SYSCLKSource=RCC_SYSCLKSOURCE_PLLCLK
RCC.TimSysFreq_Value=72000000
RCC.USBFreq_Value=72000000
RCC.VCOOutput2Freq_Value=8000000
SH.ADCx_IN10.0=ADC1_IN10,IN10
SH.ADCx_IN10.ConfNb=1
SH.ADCx_IN11.0=ADC1_IN11,IN11
SH.ADCx_IN11.ConfNb=1
SH.COMP_DAC1_group.0=DAC_OUT1,DAC_OUT1
SH.COMP_DAC1_group.ConfNb=1
SH.COMP_DAC2_group.0=DAC_OUT2,DAC_OUT2
SH.COMP_DAC2_group.ConfNb=1
SH.GPXTI3.0=GPIO_EXTI3
SH.GPXTI3.ConfNb=1
SH.GPXTI9.0=GPIO_EXTI9
SH.GPXTI9.ConfNb=1
SPI2.BaudRatePrescaler=SPI_BAUDRATEPRESCALER_32
SPI2.CalculateBaudRate=1.125 MBits/s
SPI2.Direction=SPI_DIRECTION_2LINES
SPI2.IPParameters=VirtualType,Mode,Direction,CalculateBaudRate,BaudRatePrescaler
SPI2.Mode=SPI_MODE_MASTER
SPI2.VirtualType=VM_MASTER
SPI3.BaudRatePrescaler=SPI_BAUDRATEPRESCALER_16
SPI3.CalculateBaudRate=2.25 MBits/s
SPI3.Direction=SPI_DIRECTION_2LINES
SPI3.IPParameters=VirtualType,Mode,Direction,CalculateBaudRate,BaudRatePrescaler
SPI3.Mode=SPI_MODE_MASTER
SPI3.VirtualType=VM_MASTER
UART4.IPParameters=VirtualMode
UART4.VirtualMode=Asynchronous
USART1.IPParameters=VirtualMode,RxDMA
USART1.RxDMA=USART1_RX
USART1.VirtualMode=VM_ASYNC
USART2.IPParameters=VirtualMode
USART2.VirtualMode=VM_ASYNC
VP_FREERTOS_VS_CMSIS_V2.Mode=CMSIS_V2
VP_FREERTOS_VS_CMSIS_V2.Signal=FREERTOS_VS_CMSIS_V2
VP_SYS_VS_tim6.Mode=TIM6
VP_SYS_VS_tim6.Signal=SYS_VS_tim6
board=custom
rtos.0.ip=FREERTOS
